
Microsoft Visual Studio Solution File, Format Version 12.00
# Visual Studio 15
VisualStudioVersion = 15.0.27703.2047
MinimumVisualStudioVersion = 10.0.40219.1
Project("{FAE04EC0-301F-11D3-BF4B-00C04F79EFBC}") = "WpfApp1", "WpfApp1.csproj", "{37DA6C28-4AD8-4860-AEB2-22598AD459C6}"
EndProject
Global
	GlobalSection(SolutionConfigurationPlatforms) = preSolution
		Debug|Any CPU = Debug|Any CPU
		Release|Any CPU = Release|Any CPU
	EndGlobalSection
	GlobalSection(ProjectConfigurationPlatforms) = postSolution
		{37DA6C28-4AD8-4860-AEB2-22598AD459C6}.Debug|Any CPU.ActiveCfg = Debug|Any CPU
		{37DA6C28-4AD8-4860-AEB2-22598AD459C6}.Debug|Any CPU.Build.0 = Debug|Any CPU
		{37DA6C28-4AD8-4860-AEB2-22598AD459C6}.Release|Any CPU.ActiveCfg = Release|Any CPU
		{37DA6C28-4AD8-4860-AEB2-22598AD459C6}.Release|Any CPU.Build.0 = Release|Any CPU
	EndGlobalSection
	GlobalSection(SolutionProperties) = preSolution
		HideSolutionNode = FALSE
	EndGlobalSection
	GlobalSection(ExtensibilityGlobals) = postSolution
		SolutionGuid = {23D1CE52-4CF7-45B1-A85A-5E68413AC55E}
	EndGlobalSection
EndGlobal
